{
  "version": "5",
  "specifiers": {
    "jsr:@david/code-block-writer@^13.0.3": "13.0.3",
    "jsr:@david/path@0.2": "0.2.0",
    "jsr:@deno/dnt@~0.42.3": "0.42.3",
    "jsr:@qnighy/dedent@*": "0.1.2",
    "jsr:@qnighy/dedent@~0.1.2": "0.1.2",
    "jsr:@std/assert@^1.0.19": "1.0.19",
    "jsr:@std/bytes@^1.0.6": "1.0.6",
    "jsr:@std/cli@^1.0.28": "1.0.28",
    "jsr:@std/crypto@^1.0.5": "1.0.5",
    "jsr:@std/encoding@^1.0.10": "1.0.10",
    "jsr:@std/fmt@1": "1.0.9",
    "jsr:@std/fmt@^1.0.9": "1.0.9",
    "jsr:@std/fs@1": "1.0.23",
    "jsr:@std/fs@^1.0.23": "1.0.23",
    "jsr:@std/internal@^1.0.12": "1.0.12",
    "jsr:@std/path@1": "1.1.4",
    "jsr:@std/path@^1.1.4": "1.1.4",
    "jsr:@std/uuid@^1.1.0": "1.1.0",
    "jsr:@ts-morph/bootstrap@0.27": "0.27.0",
    "jsr:@ts-morph/common@0.27": "0.27.0",
    "jsr:@unyt/speck@^0.0.10": "0.0.10",
    "npm:@types/node@*": "24.2.0",
    "npm:@unyt/datex@0.0.6": "0.0.6",
    "npm:github-slugger@2": "2.0.0",
    "npm:tablemark@^4.1.0": "4.1.0",
    "npm:typescript@5.8.3": "5.8.3"
  },
  "jsr": {
    "@david/code-block-writer@13.0.3": {
      "integrity": "f98c77d320f5957899a61bfb7a9bead7c6d83ad1515daee92dbacc861e13bb7f"
    },
    "@david/path@0.2.0": {
      "integrity": "f2d7aa7f02ce5a55e27c09f9f1381794acb09d328f8d3c8a2e3ab3ffc294dccd",
      "dependencies": [
        "jsr:@std/fs@1",
        "jsr:@std/path@1"
      ]
    },
    "@deno/dnt@0.42.3": {
      "integrity": "62a917a0492f3c8af002dce90605bb0d41f7d29debc06aca40dba72ab65d8ae3",
      "dependencies": [
        "jsr:@david/code-block-writer",
        "jsr:@std/fmt@1",
        "jsr:@std/fs@1",
        "jsr:@std/path@1",
        "jsr:@ts-morph/bootstrap"
      ]
    },
    "@qnighy/dedent@0.1.2": {
      "integrity": "9e420cff5b0082dba168385c9dfc56f25ef9a07999605e5fc9bc2058529998ee"
    },
    "@std/assert@1.0.19": {
      "integrity": "eaada96ee120cb980bc47e040f82814d786fe8162ecc53c91d8df60b8755991e",
      "dependencies": [
        "jsr:@std/internal"
      ]
    },
    "@std/bytes@1.0.6": {
      "integrity": "f6ac6adbd8ccd99314045f5703e23af0a68d7f7e58364b47d2c7f408aeb5820a"
    },
    "@std/cli@1.0.28": {
      "integrity": "74ef9b976db59ca6b23a5283469c9072be6276853807a83ec6c7ce412135c70a",
      "dependencies": [
        "jsr:@std/fmt@^1.0.9",
        "jsr:@std/internal"
      ]
    },
    "@std/crypto@1.0.5": {
      "integrity": "0dcfbb319fe0bba1bd3af904ceb4f948cde1b92979ec1614528380ed308a3b40"
    },
    "@std/encoding@1.0.10": {
      "integrity": "8783c6384a2d13abd5e9e87a7ae0520a30e9f56aeeaa3bdf910a3eaaf5c811a1"
    },
    "@std/fmt@1.0.9": {
      "integrity": "2487343e8899fb2be5d0e3d35013e54477ada198854e52dd05ed0422eddcabe0"
    },
    "@std/fs@1.0.23": {
      "integrity": "3ecbae4ce4fee03b180fa710caff36bb5adb66631c46a6460aaad49515565a37",
      "dependencies": [
        "jsr:@std/internal",
        "jsr:@std/path@^1.1.4"
      ]
    },
    "@std/internal@1.0.12": {
      "integrity": "972a634fd5bc34b242024402972cd5143eac68d8dffaca5eaa4dba30ce17b027"
    },
    "@std/path@1.1.4": {
      "integrity": "1d2d43f39efb1b42f0b1882a25486647cb851481862dc7313390b2bb044314b5",
      "dependencies": [
        "jsr:@std/internal"
      ]
    },
    "@std/uuid@1.1.0": {
      "integrity": "6268db2ccf172849c9be80763354ca305d49ef4af41fe995623d44fcc3f7457c",
      "dependencies": [
        "jsr:@std/bytes",
        "jsr:@std/crypto"
      ]
    },
    "@ts-morph/bootstrap@0.27.0": {
      "integrity": "b8d7bc8f7942ce853dde4161b28f9aa96769cef3d8eebafb379a81800b9e2448",
      "dependencies": [
        "jsr:@ts-morph/common"
      ]
    },
    "@ts-morph/common@0.27.0": {
      "integrity": "c7b73592d78ce8479b356fd4f3d6ec3c460d77753a8680ff196effea7a939052",
      "dependencies": [
        "jsr:@std/fs@1",
        "jsr:@std/path@1"
      ]
    },
    "@unyt/speck@0.0.10": {
      "integrity": "78e7f5459e864b582fe3b6d81905c266789bf3d36b7b003da320b54ee3215711",
      "dependencies": [
        "jsr:@std/fs@1",
        "npm:github-slugger",
        "npm:tablemark"
      ]
    }
  },
  "npm": {
    "@deno/sham-weakref@0.1.0": {
      "integrity": "sha512-H+IL+BIVhixiDPeDeK8i/Rpxofl8ltfSYoqplc+qEjOds5izd2h16/ygd6hxGWaiq935ud+zNYcFfR+E37lVzg=="
    },
    "@deno/shim-crypto@0.3.1": {
      "integrity": "sha512-ed4pNnfur6UbASEgF34gVxR9p7Mc3qF+Ygbmjiil8ws5IhNFhPDFy5vE5hQAUA9JmVsSxXPcVLM5Rf8LOZqQ5Q=="
    },
    "@deno/shim-deno-test@0.5.0": {
      "integrity": "sha512-4nMhecpGlPi0cSzT67L+Tm+GOJqvuk8gqHBziqcUQOarnuIax1z96/gJHCSIz2Z0zhxE6Rzwb3IZXPtFh51j+w=="
    },
    "@deno/shim-deno@0.18.2": {
      "integrity": "sha512-oQ0CVmOio63wlhwQF75zA4ioolPvOwAoK0yuzcS5bDC1JUvH3y1GS8xPh8EOpcoDQRU4FTG8OQfxhpR+c6DrzA==",
      "dependencies": [
        "@deno/shim-deno-test",
        "which"
      ]
    },
    "@deno/shim-prompts@0.1.1": {
      "integrity": "sha512-E3tqmVdIhrFvyxUTDUA0lta2VHsDBH6JX48XMpveBoTtO+Js2cwfrYId7QhCkA7+9DEc96Eof7nWLiKwxxYmFA=="
    },
    "@deno/shim-timers@0.1.0": {
      "integrity": "sha512-XFRnB5Rtbkd5RiYHwhugNK9gvDgYXmFTUOT5dmhWCKG7WnOWZggbJMnH1NcyYS3QgHvmaTOaHCyNFNSv57j3Dg=="
    },
    "@types/node@24.2.0": {
      "integrity": "sha512-3xyG3pMCq3oYCNg7/ZP+E1ooTaGB4cG8JWRsqqOYQdbWNY4zbaV0Ennrd7stjiJEFZCaybcIgpTjJWHRfBSIDw==",
      "dependencies": [
        "undici-types"
      ]
    },
    "@unyt/datex@0.0.6": {
      "integrity": "sha512-1R9UBahm73K80P+K+IvuJIuClXmtyWJvQ5us6iZ91ob5aBudBfQRgwYMXRlECXJcRlKKaAEtX+9gEK2myxV83w==",
      "dependencies": [
        "@deno/sham-weakref",
        "@deno/shim-crypto",
        "@deno/shim-deno",
        "@deno/shim-prompts",
        "@deno/shim-timers",
        "undici",
        "ws"
      ]
    },
    "ansi-regex@6.2.2": {
      "integrity": "sha512-Bq3SmSpyFHaWjPk8If9yc6svM8c56dB5BAtW4Qbw5jHTwwXXcTLoRMkpDJp6VL0XzlWaCHTXrkFURMYmD0sLqg=="
    },
    "ansi-styles@6.2.3": {
      "integrity": "sha512-4Dj6M28JB+oAH8kFkTLUo+a2jwOFkuqb3yucU0CANcRRUbxS0cP0nZYCGjcc3BNXwRIsUVmDGgzawme7zvJHvg=="
    },
    "change-case@5.4.4": {
      "integrity": "sha512-HRQyTk2/YPEkt9TnUPbOpr64Uw3KOicFWPVBb+xiHvd6eBx/qPr9xqfBFDT8P2vWsvvz4jbEkfDe71W3VyNu2w=="
    },
    "emoji-regex@10.6.0": {
      "integrity": "sha512-toUI84YS5YmxW219erniWD0CIVOo46xGKColeNQRgOzDorgBi1v4D71/OFzgD9GO2UGKIv1C3Sp8DAn0+j5w7A=="
    },
    "get-east-asian-width@1.5.0": {
      "integrity": "sha512-CQ+bEO+Tva/qlmw24dCejulK5pMzVnUOFOijVogd3KQs07HnRIgp8TGipvCCRT06xeYEbpbgwaCxglFyiuIcmA=="
    },
    "github-slugger@2.0.0": {
      "integrity": "sha512-IaOQ9puYtjrkq7Y0Ygl9KDZnrf/aiUJYUpVf89y8kyaxbRG7Y1SrX/jaumrv81vc61+kiMempujsM3Yw7w5qcw=="
    },
    "isexe@3.1.1": {
      "integrity": "sha512-LpB/54B+/2J5hqQ7imZHfdU31OlgQqx7ZicVlkm9kzg9/w8GKLEcFfJl/t7DCEDueOyBAD6zCCwTO6Fzs0NoEQ=="
    },
    "string-width@7.2.0": {
      "integrity": "sha512-tsaTIkKW9b4N+AEj+SVA+WhJzV7/zMhcSu78mLKWSk7cXMOSHsBKFWUs0fWwq8QyK3MgJBQRX6Gbi4kYbdvGkQ==",
      "dependencies": [
        "emoji-regex",
        "get-east-asian-width",
        "strip-ansi"
      ]
    },
    "string-width@8.1.0": {
      "integrity": "sha512-Kxl3KJGb/gxkaUMOjRsQ8IrXiGW75O4E3RPjFIINOVH8AMl2SQ/yWdTzWwF3FevIX9LcMAjJW+GRwAlAbTSXdg==",
      "dependencies": [
        "get-east-asian-width",
        "strip-ansi"
      ]
    },
    "strip-ansi@7.1.2": {
      "integrity": "sha512-gmBGslpoQJtgnMAvOVqGZpEz9dyoKTCzy2nfz/n8aIFhN/jCE/rCmcxabB6jOOHV+0WNnylOxaxBQPSvcWklhA==",
      "dependencies": [
        "ansi-regex"
      ]
    },
    "tablemark@4.1.0": {
      "integrity": "sha512-B3LDjbDo+ac+D5RwkBOPZZ6ua8716KdT+6NO3DKOCHJq0ezE6vV2r92rjrC1ci2H+ocuysl5ytf1T0QqV65yoA==",
      "dependencies": [
        "ansi-regex",
        "change-case",
        "string-width@8.1.0",
        "wordwrapjs",
        "wrap-ansi"
      ]
    },
    "typescript@5.8.3": {
      "integrity": "sha512-p1diW6TqL9L07nNxvRMM7hMMw4c5XOo/1ibL4aAIGmSAt9slTE1Xgw5KWuof2uTOvCg9BY7ZRi+GaF+7sfgPeQ==",
      "bin": true
    },
    "undici-types@7.10.0": {
      "integrity": "sha512-t5Fy/nfn+14LuOc2KNYg75vZqClpAiqscVvMygNnlsHBFpSXdJaYtXMcdNLpl/Qvc3P2cB3s6lOV51nqsFq4ag=="
    },
    "undici@6.21.3": {
      "integrity": "sha512-gBLkYIlEnSp8pFbT64yFgGE6UIB9tAkhukC23PmMDCe5Nd+cRqKxSjw5y54MK2AZMgZfJWMaNE4nYUHgi1XEOw=="
    },
    "which@4.0.0": {
      "integrity": "sha512-GlaYyEb07DPxYCKhKzplCWBJtvxZcZMrL+4UkrTSJHHPyZU4mYYTv3qaOe77H7EODLSSopAUFAc6W8U4yqvscg==",
      "dependencies": [
        "isexe"
      ],
      "bin": true
    },
    "wordwrapjs@5.1.1": {
      "integrity": "sha512-0yweIbkINJodk27gX9LBGMzyQdBDan3s/dEAiwBOj+Mf0PPyWL6/rikalkv8EeD0E8jm4o5RXEOrFTP3NXbhJg=="
    },
    "wrap-ansi@9.0.2": {
      "integrity": "sha512-42AtmgqjV+X1VpdOfyTGOYRi0/zsoLqtXQckTmqTeybT+BDIbM/Guxo7x3pE2vtpr1ok6xRqM9OpBe+Jyoqyww==",
      "dependencies": [
        "ansi-styles",
        "string-width@7.2.0",
        "strip-ansi"
      ]
    },
    "ws@8.18.3": {
      "integrity": "sha512-PEIGCY5tSlUt50cqyMXfCzX+oOPqN0vuGqWzbcJ2xvnkzkq46oOpz7dQaTDBdfICb4N14+GARUDw2XV2N4tvzg=="
    }
  },
  "redirects": {
    "https://esm.sh/@deno/sham-weakref@~0.1.0?target=denonext": "https://esm.sh/@deno/sham-weakref@0.1.0?target=denonext",
    "https://esm.sh/@deno/shim-crypto@~0.3.1?target=denonext": "https://esm.sh/@deno/shim-crypto@0.3.1?target=denonext",
    "https://esm.sh/@deno/shim-deno-test@^0.5.0?target=denonext": "https://esm.sh/@deno/shim-deno-test@0.5.0?target=denonext",
    "https://esm.sh/@deno/shim-deno@~0.18.0?target=denonext": "https://esm.sh/@deno/shim-deno@0.18.2?target=denonext",
    "https://esm.sh/@deno/shim-prompts@~0.1.0?target=denonext": "https://esm.sh/@deno/shim-prompts@0.1.1?target=denonext",
    "https://esm.sh/@deno/shim-timers@~0.1.0?target=denonext": "https://esm.sh/@deno/shim-timers@0.1.0?target=denonext",
    "https://esm.sh/@unyt/datex": "https://esm.sh/@unyt/datex@0.0.6",
    "https://esm.sh/bufferutil@^4.0.1?target=denonext": "https://esm.sh/bufferutil@4.0.9?target=denonext",
    "https://esm.sh/isexe@^3.1.1?target=denonext": "https://esm.sh/isexe@3.1.1?target=denonext",
    "https://esm.sh/node-gyp-build@^4.3.0?target=denonext": "https://esm.sh/node-gyp-build@4.8.4?target=denonext",
    "https://esm.sh/undici@^6.0.0?target=denonext": "https://esm.sh/undici@6.21.3?target=denonext",
    "https://esm.sh/utf-8-validate@%3E=5.0.2?target=denonext": "https://esm.sh/utf-8-validate@6.0.5?target=denonext",
    "https://esm.sh/which@^4.0.0?target=denonext": "https://esm.sh/which@4.0.0?target=denonext",
    "https://esm.sh/ws@^8.13.0?target=denonext": "https://esm.sh/ws@8.18.3?target=denonext"
  },
  "remote": {
    "https://cdn.jsdelivr.net/npm/@unyt/speck@0.0.10/+esm": "9f461402ad40a66fcb8dcc157ee435525280e1e841ed09b2935fe4eedc6803e4",
    "https://cdn.jsdelivr.net/npm/@unyt/speck@0.0.10/esm/parser.js": "e51bfefea467583c21d9d25211b8e831ac21a186d2723bebb12999780735c29a",
    "https://cdn.jsdelivr.net/npm/ansi-regex@6.0.1/+esm": "a1a796207823eaf5217e176362c0dcff2cf9211426752b2f8412c2eed0c1a5b5",
    "https://cdn.jsdelivr.net/npm/ansi-regex@6.2.2/+esm": "48a4ebacc4eb7659f48f6dab08812a59392b88db857f14181d35ae7ee5bcda0c",
    "https://cdn.jsdelivr.net/npm/ansi-styles@6.2.3/+esm": "8c059ae6e522552119a41efee695550bb2d9a384f820311f7db58ea8a7960e0d",
    "https://cdn.jsdelivr.net/npm/change-case@5.4.4/+esm": "a407670ec0f74aae276a92acac47802a4e64f0aa85603f078d8de66476569061",
    "https://cdn.jsdelivr.net/npm/emoji-regex@10.3.0/+esm": "c6671cff9e26fb6d38feda236797431faeb9dabb4604d4ad25759f2f42a47e2b",
    "https://cdn.jsdelivr.net/npm/get-east-asian-width@1.2.0/+esm": "17b79ab6a41eea405b789c7a53deaaae6d9b6c5a36af35cc780cc60d834003af",
    "https://cdn.jsdelivr.net/npm/github-slugger@2.0.0/+esm": "059d344d761dcb17ac3fad9370b1c80507e3feb3acff4ade0463cfad670b4a2e",
    "https://cdn.jsdelivr.net/npm/string-width@7.2.0/+esm": "4f5a32a39d9cbf61b46494926fc5e47c61ba5098bca1479e1f634e4694da6de3",
    "https://cdn.jsdelivr.net/npm/string-width@8.1.0/+esm": "ea4dff3550f2c0c5e291e3d72fd2192d90e4a414542e8bae7122acd40c9d7e7c",
    "https://cdn.jsdelivr.net/npm/strip-ansi@7.1.0/+esm": "408d5820f0e353e71d34a1582bf33ce486a1f07195c1e1ba714baa31ef7dc9b9",
    "https://cdn.jsdelivr.net/npm/strip-ansi@7.1.2/+esm": "21ab07df1026d8f990e3c3fdac2113d5081515b4650b6eacc93b08b22b250d50",
    "https://cdn.jsdelivr.net/npm/tablemark@4.1.0/+esm": "b0d15f534eacd39418b440279c4379dcc5558848aa9c640b4741b41cb51cfd57",
    "https://cdn.jsdelivr.net/npm/wordwrapjs@5.1.0/+esm": "0f87ba33c6f2eb1f840719281d5b8cf280cbf8d095354fa9f51dbc8584311608",
    "https://cdn.jsdelivr.net/npm/wrap-ansi@9.0.2/+esm": "5534f9ad4a70ee59d9e927166f9c7ad9be4e709bc72ceb23790f2f055d562564",
    "https://deno.land/std@0.224.0/collections/_utils.ts": "b2ec8ada31b5a72ebb1d99774b849b4c09fe4b3a38d07794bd010bd218a16e0b",
    "https://deno.land/std@0.224.0/collections/deep_merge.ts": "04f8d2a6cfa15c7580e788689bcb5e162512b9ccb18bab1241824b432a78551e",
    "https://deno.land/std@0.224.0/fmt/bytes.ts": "7b294a4b9cf0297efa55acb55d50610f3e116a0ac772d1df0ae00f0b833ccd4a",
    "https://deno.land/std@0.224.0/toml/_parser.ts": "187560eb4465977808b18c68299e1f5a6e4631c0a181d868c8f24722cf9146d1",
    "https://deno.land/std@0.224.0/toml/mod.ts": "a457ea7877a6d5e7f3d6985c43da4d2ecd7461038d5c4c7a0089737e90a7ee90",
    "https://deno.land/std@0.224.0/toml/parse.ts": "2f0729a8f62c7e508af8dfada0386a4bc2c0d664ef4d26090df03cf495dcb25a",
    "https://deno.land/std@0.224.0/toml/stringify.ts": "8b9ba3c1bf8fa7d58d7b62ad62b3174dbbc51050d5cc302aa8e2834089c00d73",
    "https://esm.sh/@deno/sham-weakref@0.1.0/denonext/sham-weakref.mjs": "b62ec6d61cbd6bd3fbb864ab6e6d15fc2c3551187e454fed95a896b070703d9f",
    "https://esm.sh/@deno/sham-weakref@0.1.0?target=denonext": "25ee4370400228db1127b839a9b2a3520ffb9f2bf629993c5f2a0a1ad2a3e7ba",
    "https://esm.sh/@deno/shim-crypto@0.3.1/denonext/shim-crypto.mjs": "3588717b9573883801d8ea2023814bde38ba0f0e7338fb4ed8fabdf4eea2fd13",
    "https://esm.sh/@deno/shim-crypto@0.3.1?target=denonext": "50f5e6aa6cbdfcbb7ebd87b2db2ab5c614fa3b3d1fe9b83c2291033aaff2ef21",
    "https://esm.sh/@deno/shim-deno-test@0.5.0/denonext/shim-deno-test.mjs": "21298ee12e8add3e8efe527aa1dd2a4fd029eb1876f5a59107bbe62b3969e282",
    "https://esm.sh/@deno/shim-deno-test@0.5.0?target=denonext": "503b73de1a14bd33782220e11fa2b33e9c87d574ac793e7addf1466c5436e66a",
    "https://esm.sh/@deno/shim-deno@0.18.2/denonext/shim-deno.mjs": "5467ef66f8afe43352b5742b7c21ce84fc6bf7250b49a335e46b0bd37665e1aa",
    "https://esm.sh/@deno/shim-deno@0.18.2?target=denonext": "ffa3ca347bb6b6530720158f307a2e31b16728fbb52e6432254a07d52fcbc404",
    "https://esm.sh/@deno/shim-prompts@0.1.1/denonext/shim-prompts.mjs": "9fca575ba9a69f1a4a4ae92456e970a99cd1931c7d0eada9e6ac3cc49651befd",
    "https://esm.sh/@deno/shim-prompts@0.1.1?target=denonext": "48898d713b4860135489b2e093e2892ce845e9a1ca59302344325994d2d7ef2f",
    "https://esm.sh/@deno/shim-timers@0.1.0/denonext/shim-timers.mjs": "1fe363c1896ba854d6123f0063ed44dd1083917b9a21c0cbb94c2c47b75743b2",
    "https://esm.sh/@deno/shim-timers@0.1.0?target=denonext": "1bbeb0dc475a7b0db57f6ab2db4116a57e60b60b871fa7c005b97f24fd37277f",
    "https://esm.sh/@unyt/datex@0.0.6": "08bd400711a89690c1ebedb1dd99b42f1d614b28a1bc8c6b47890bd7879dc586",
    "https://esm.sh/@unyt/datex@0.0.6/denonext/datex.mjs": "b28fd94ab20a4f6102699f6f43d4bf417631cebe20992cbe1473e5d133733ce0",
    "https://esm.sh/bufferutil@4.0.9/denonext/bufferutil.mjs": "13dca4d5bb2c68cbe119f880fa3bd785b9a81a8e02e0834dae604b4b85295cd8",
    "https://esm.sh/bufferutil@4.0.9?target=denonext": "e32574569ab438facfcc3f412c659b0719bbf05477136ca176938c9a3ac45125",
    "https://esm.sh/isexe@3.1.1/denonext/isexe.mjs": "59b58a950d33368749f8b2f0df8377ded09f5f30c276f79239a2542029e77a43",
    "https://esm.sh/isexe@3.1.1/denonext/posix.mjs": "f99f8d2aacd0b5424625cee480f36b47639cfbad44c64b7b21cbba18ad77a1b2",
    "https://esm.sh/isexe@3.1.1/denonext/win32.mjs": "f52981ee6555549c246db8e9e6c0ee1e2947a35367c3bcec0ba31834387991c0",
    "https://esm.sh/isexe@3.1.1?target=denonext": "b3c61e7e70b9d56865de461fbcdae702ebf93743143457079a15a60e30dfcf83",
    "https://esm.sh/node-gyp-build@4.8.4/denonext/node-gyp-build.mjs": "9a86f2d044fc77bd60aaa3d697c2ba1b818da5fb1b9aaeedec59a40b8e908803",
    "https://esm.sh/node-gyp-build@4.8.4?target=denonext": "261a6cedf1fdbf159798141ba1e2311ac1510682c5c8b55dacc8cf5fdee4aa06",
    "https://esm.sh/undici@6.21.3/denonext/undici.mjs": "01ce892d765a2cfa15e5f5b1027e445f9b6158b0f422485fd7f4a6bbfe8da2a1",
    "https://esm.sh/undici@6.21.3?target=denonext": "f1170d0bbdcf27b252e52e67cb5afb5d35d2c0ac717b51ce00cfc58c916f6109",
    "https://esm.sh/utf-8-validate@6.0.5/denonext/utf-8-validate.mjs": "66b8ea532a0c745068f5b96ddb1bae332c3036703243541d2e89e66331974d98",
    "https://esm.sh/utf-8-validate@6.0.5?target=denonext": "071bc33ba1a58297e23a34d69dd589fd06df04b0f373b382ff5da544a623f271",
    "https://esm.sh/which@4.0.0/denonext/which.mjs": "9f47207c6dc9684fe3d852f2290c474577babaeabf60616652630c0b90421a53",
    "https://esm.sh/which@4.0.0?target=denonext": "50b06c1a68e3ef88dc8e2c68c17b732a6d1917000d5d59637496da3b61549c8e",
    "https://esm.sh/ws@8.18.3/denonext/ws.mjs": "063ab2c92e0908d060e4de414b74e941fbd1b3ccedfce35cc965703a8a3f86c1",
    "https://esm.sh/ws@8.18.3?target=denonext": "a5ca9d7990fc419fd8b8d06d0855bb64688769e6bb887ba07d36c13172f882b5"
  },
  "workspace": {
    "dependencies": [
      "jsr:@david/path@0.2",
      "jsr:@deno/dnt@~0.42.3",
      "jsr:@qnighy/dedent@~0.1.2",
      "jsr:@std/assert@^1.0.19",
      "jsr:@std/cli@^1.0.28",
      "jsr:@std/encoding@^1.0.10",
      "jsr:@std/fmt@^1.0.9",
      "jsr:@std/fs@^1.0.23",
      "jsr:@std/uuid@^1.1.0",
      "jsr:@unyt/speck@^0.0.10"
    ]
  }
}
